// !$*UTF8*$!
{
	archiveVersion = 1;
	classes = {
	};
	objectVersion = 50;
	objects = {

/* Begin PBXBuildFile section */
		C3F0464124E8D0D6002AF069 /* AppDelegate.swift in Sources */ = {isa = PBXBuildFile; fileRef = C3F0464024E8D0D6002AF069 /* AppDelegate.swift */; };
		C3F0464324E8D0D6002AF069 /* SceneDelegate.swift in Sources */ = {isa = PBXBuildFile; fileRef = C3F0464224E8D0D6002AF069 /* SceneDelegate.swift */; };
		C3F0464524E8D0D6002AF069 /* ViewController.swift in Sources */ = {isa = PBXBuildFile; fileRef = C3F0464424E8D0D6002AF069 /* ViewController.swift */; };
		C3F0464824E8D0D6002AF069 /* Main.storyboard in Resources */ = {isa = PBXBuildFile; fileRef = C3F0464624E8D0D6002AF069 /* Main.storyboard */; };
		C3F0464A24E8D0E0002AF069 /* Assets.xcassets in Resources */ = {isa = PBXBuildFile; fileRef = C3F0464924E8D0E0002AF069 /* Assets.xcassets */; };
		C3F0464D24E8D0E0002AF069 /* LaunchScreen.storyboard in Resources */ = {isa = PBXBuildFile; fileRef = C3F0464B24E8D0E0002AF069 /* LaunchScreen.storyboard */; };
		C3F0465D24E8DD6E002AF069 /* G.wav in Resources */ = {isa = PBXBuildFile; fileRef = C3F0465624E8DD6C002AF069 /* G.wav */; };
		C3F0465E24E8DD6E002AF069 /* C.wav in Resources */ = {isa = PBXBuildFile; fileRef = C3F0465724E8DD6D002AF069 /* C.wav */; };
		C3F0465F24E8DD6E002AF069 /* B.wav in Resources */ = {isa = PBXBuildFile; fileRef = C3F0465824E8DD6D002AF069 /* B.wav */; };
		C3F0466024E8DD6E002AF069 /* D.wav in Resources */ = {isa = PBXBuildFile; fileRef = C3F0465924E8DD6D002AF069 /* D.wav */; };
		C3F0466124E8DD6E002AF069 /* A.wav in Resources */ = {isa = PBXBuildFile; fileRef = C3F0465A24E8DD6D002AF069 /* A.wav */; };
		C3F0466224E8DD6E002AF069 /* F.wav in Resources */ = {isa = PBXBuildFile; fileRef = C3F0465B24E8DD6E002AF069 /* F.wav */; };
		C3F0466324E8DD6E002AF069 /* E.wav in Resources */ = {isa = PBXBuildFile; fileRef = C3F0465C24E8DD6E002AF069 /* E.wav */; };
/* End PBXBuildFile section */

/* Begin PBXFileReference section */
		C3F0463D24E8D0D6002AF069 /* xylophone.app */ = {isa = PBXFileReference; explicitFileType = wrapper.application; includeInIndex = 0; path = xylophone.app; sourceTree = BUILT_PRODUCTS_DIR; };
		C3F0464024E8D0D6002AF069 /* AppDelegate.swift */ = {isa = PBXFileReference; lastKnownFileType = sourcecode.swift; path = AppDelegate.swift; sourceTree = "<group>"; };
		C3F0464224E8D0D6002AF069 /* SceneDelegate.swift */ = {isa = PBXFileReference; lastKnownFileType = sourcecode.swift; path = SceneDelegate.swift; sourceTree = "<group>"; };
		C3F0464424E8D0D6002AF069 /* ViewController.swift */ = {isa = PBXFileReference; lastKnownFileType = sourcecode.swift; path = ViewController.swift; sourceTree = "<group>"; };
		C3F0464724E8D0D6002AF069 /* Base */ = {isa = PBXFileReference; lastKnownFileType = file.storyboard; name = Base; path = Base.lproj/Main.storyboard; sourceTree = "<group>"; };
		C3F0464924E8D0E0002AF069 /* Assets.xcassets */ = {isa = PBXFileReference; lastKnownFileType = folder.assetcatalog; path = Assets.xcassets; sourceTree = "<group>"; };
		C3F0464C24E8D0E0002AF069 /* Base */ = {isa = PBXFileReference; lastKnownFileType = file.storyboard; name = Base; path = Base.lproj/LaunchScreen.storyboard; sourceTree = "<group>"; };
		C3F0464E24E8D0E0002AF069 /* Info.plist */ = {isa = PBXFileReference; lastKnownFileType = text.plist.xml; path = Info.plist; sourceTree = "<group>"; };
		C3F0465624E8DD6C002AF069 /* G.wav */ = {isa = PBXFileReference; lastKnownFileType = audio.wav; path = G.wav; sourceTree = "<group>"; };
		C3F0465724E8DD6D002AF069 /* C.wav */ = {isa = PBXFileReference; lastKnownFileType = audio.wav; path = C.wav; sourceTree = "<group>"; };
		C3F0465824E8DD6D002AF069 /* B.wav */ = {isa = PBXFileReference; lastKnownFileType = audio.wav; path = B.wav; sourceTree = "<group>"; };
		C3F0465924E8DD6D002AF069 /* D.wav */ = {isa = PBXFileReference; lastKnownFileType = audio.wav; path = D.wav; sourceTree = "<group>"; };
		C3F0465A24E8DD6D002AF069 /* A.wav */ = {isa = PBXFileReference; lastKnownFileType = audio.wav; path = A.wav; sourceTree = "<group>"; };
		C3F0465B24E8DD6E002AF069 /* F.wav */ = {isa = PBXFileReference; lastKnownFileType = audio.wav; path = F.wav; sourceTree = "<group>"; };
		C3F0465C24E8DD6E002AF069 /* E.wav */ = {isa = PBXFileReference; lastKnownFileType = audio.wav; path = E.wav; sourceTree = "<group>"; };
/* End PBXFileReference section */

/* Begin PBXFrameworksBuildPhase section */
		C3F0463A24E8D0D6002AF069 /* Frameworks */ = {
			isa = PBXFrameworksBuildPhase;
			buildActionMask = 2147483647;
			files = (
			);
			runOnlyForDeploymentPostprocessing = 0;
		};
/* End PBXFrameworksBuildPhase section */

/* Begin PBXGroup section */
		C3F0463424E8D0D6002AF069 = {
			isa = PBXGroup;
			children = (
				C3F0463F24E8D0D6002AF069 /* xylophone */,
				C3F0463E24E8D0D6002AF069 /* Products */,
			);
			sourceTree = "<group>";
		};
		C3F0463E24E8D0D6002AF069 /* Products */ = {
			isa = PBXGroup;
			children = (
				C3F0463D24E8D0D6002AF069 /* xylophone.app */,
			);
			name = Products;
			sourceTree = "<group>";
		};
		C3F0463F24E8D0D6002AF069 /* xylophone */ = {
			isa = PBXGroup;
			children = (
				C3F0465A24E8DD6D002AF069 /* A.wav */,
				C3F0465824E8DD6D002AF069 /* B.wav */,
				C3F0465724E8DD6D002AF069 /* C.wav */,
				C3F0465924E8DD6D002AF069 /* D.wav */,
				C3F0465C24E8DD6E002AF069 /* E.wav */,
				C3F0465B24E8DD6E002AF069 /* F.wav */,
				C3F0465624E8DD6C002AF069 /* G.wav */,
				C3F0464024E8D0D6002AF069 /* AppDelegate.swift */,
				C3F0464224E8D0D6002AF069 /* SceneDelegate.swift */,
				C3F0464424E8D0D6002AF069 /* ViewController.swift */,
				C3F0464624E8D0D6002AF069 /* Main.storyboard */,
				C3F0464924E8D0E0002AF069 /* Assets.xcassets */,
				C3F0464B24E8D0E0002AF069 /* LaunchScreen.storyboard */,
				C3F0464E24E8D0E0002AF069 /* Info.plist */,
			);
			path = xylophone;
			sourceTree = "<group>";
		};
/* End PBXGroup section */

/* Begin PBXNativeTarget section */
		C3F0463C24E8D0D6002AF069 /* xylophone */ = {
			isa = PBXNativeTarget;
			buildConfigurationList = C3F0465124E8D0E0002AF069 /* Build configuration list for PBXNativeTarget "xylophone" */;
			buildPhases = (
				C3F0463924E8D0D6002AF069 /* Sources */,
				C3F0463A24E8D0D6002AF069 /* Frameworks */,
				C3F0463B24E8D0D6002AF069 /* Resources */,
			);
			buildRules = (
			);
			dependencies = (
			);
			name = xylophone;
			productName = xylophone;
			productReference = C3F0463D24E8D0D6002AF069 /* xylophone.app */;
			productType = "com.apple.product-type.application";
		};
/* End PBXNativeTarget section */

/* Begin PBXProject section */
		C3F0463524E8D0D6002AF069 /* Project object */ = {
			isa = PBXProject;
			attributes = {
				LastSwiftUpdateCheck = 1160;
				LastUpgradeCheck = 1160;
				ORGANIZATIONNAME = "Bryan Barreto";
				TargetAttributes = {
					C3F0463C24E8D0D6002AF069 = {
						CreatedOnToolsVersion = 11.6;
					};
				};
			};
			buildConfigurationList = C3F0463824E8D0D6002AF069 /* Build configuration list for PBXProject "xylophone" */;
			compatibilityVersion = "Xcode 9.3";
			developmentRegion = en;
			hasScannedForEncodings = 0;
			knownRegions = (
				en,
				Base,
			);
			mainGroup = C3F0463424E8D0D6002AF069;
			productRefGroup = C3F0463E24E8D0D6002AF069 /* Products */;
			projectDirPath = "";
			projectRoot = "";
			targets = (
				C3F0463C24E8D0D6002AF069 /* xylophone */,
			);
		};
/* End PBXProject section */

/* Begin PBXResourcesBuildPhase section */
		C3F0463B24E8D0D6002AF069 /* Resources */ = {
			isa = PBXResourcesBuildPhase;
			buildActionMask = 2147483647;
			files = (
				C3F0466324E8DD6E002AF069 /* E.wav in Resources */,
				C3F0465D24E8DD6E002AF069 /* G.wav in Resources */,
				C3F0464D24E8D0E0002AF069 /* LaunchScreen.storyboard in Resources */,
				C3F0466124E8DD6E002AF069 /* A.wav in Resources */,
				C3F0466224E8DD6E002AF069 /* F.wav in Resources */,
				C3F0466024E8DD6E002AF069 /* D.wav in Resources */,
				C3F0464A24E8D0E0002AF069 /* Assets.xcassets in Resources */,
				C3F0465F24E8DD6E002AF069 /* B.wav in Resources */,
				C3F0464824E8D0D6002AF069 /* Main.storyboard in Resources */,
				C3F0465E24E8DD6E002AF069 /* C.wav in Resources */,
			);
			runOnlyForDeploymentPostprocessing = 0;
		};
/* End PBXResourcesBuildPhase section */

/* Begin PBXSourcesBuildPhase section */
		C3F0463924E8D0D6002AF069 /* Sources */ = {
			isa = PBXSourcesBuildPhase;
			buildActionMask = 2147483647;
			files = (
				C3F0464524E8D0D6002AF069 /* ViewController.swift in Sources */,
				C3F0464124E8D0D6002AF069 /* AppDelegate.swift in Sources */,
				C3F0464324E8D0D6002AF069 /* SceneDelegate.swift in Sources */,
			);
			runOnlyForDeploymentPostprocessing = 0;
		};
/* End PBXSourcesBuildPhase section */

/* Begin PBXVariantGroup section */
		C3F0464624E8D0D6002AF069 /* Main.storyboard */ = {
			isa = PBXVariantGroup;
			children = (
				C3F0464724E8D0D6002AF069 /* Base */,
			);
			name = Main.storyboard;
			sourceTree = "<group>";
		};
		C3F0464B24E8D0E0002AF069 /* LaunchScreen.storyboard */ = {
			isa = PBXVariantGroup;
			children = (
				C3F0464C24E8D0E0002AF069 /* Base */,
			);
			name = LaunchScreen.storyboard;
			sourceTree = "<group>";
		};
/* End PBXVariantGroup section */

/* Begin XCBuildConfiguration section */
		C3F0464F24E8D0E0002AF069 /* Debug */ = {
			isa = XCBuildConfiguration;
			buildSettings = {
				ALWAYS_SEARCH_USER_PATHS = NO;
				CLANG_ANALYZER_NONNULL = YES;
				CLANG_ANALYZER_NUMBER_OBJECT_CONVERSION = YES_AGGRESSIVE;
				CLANG_CXX_LANGUAGE_STANDARD = "gnu++14";
				CLANG_CXX_LIBRARY = "libc++";
				CLANG_ENABLE_MODULES = YES;
				CLANG_ENABLE_OBJC_ARC = YES;
				CLANG_ENABLE_OBJC_WEAK = YES;
				CLANG_WARN_BLOCK_CAPTURE_AUTORELEASING = YES;
				CLANG_WARN_BOOL_CONVERSION = YES;
				CLANG_WARN_COMMA = YES;
				CLANG_WARN_CONSTANT_CONVERSION = YES;
				CLANG_WARN_DEPRECATED_OBJC_IMPLEMENTATIONS = YES;
				CLANG_WARN_DIRECT_OBJC_ISA_USAGE = YES_ERROR;
				CLANG_WARN_DOCUMENTATION_COMMENTS = YES;
				CLANG_WARN_EMPTY_BODY = YES;
				CLANG_WARN_ENUM_CONVERSION = YES;
				CLANG_WARN_INFINITE_RECURSION = YES;
				CLANG_WARN_INT_CONVERSION = YES;
				CLANG_WARN_NON_LITERAL_NULL_CONVERSION = YES;
				CLANG_WARN_OBJC_IMPLICIT_RETAIN_SELF = YES;
				CLANG_WARN_OBJC_LITERAL_CONVERSION = YES;
				CLANG_WARN_OBJC_ROOT_CLASS = YES_ERROR;
				CLANG_WARN_RANGE_LOOP_ANALYSIS = YES;
				CLANG_WARN_STRICT_PROTOTYPES = YES;
				CLANG_WARN_SUSPICIOUS_MOVE = YES;
				CLANG_WARN_UNGUARDED_AVAILABILITY = YES_AGGRESSIVE;
				CLANG_WARN_UNREACHABLE_CODE = YES;
				CLANG_WARN__DUPLICATE_METHOD_MATCH = YES;
				COPY_PHASE_STRIP = NO;
				DEBUG_INFORMATION_FORMAT = dwarf;
				ENABLE_STRICT_OBJC_MSGSEND = YES;
				ENABLE_TESTABILITY = YES;
				GCC_C_LANGUAGE_STANDARD = gnu11;
				GCC_DYNAMIC_NO_PIC = NO;
				GCC_NO_COMMON_BLOCKS = YES;
				GCC_OPTIMIZATION_LEVEL = 0;
				GCC_PREPROCESSOR_DEFINITIONS = (
					"DEBUG=1",
					"$(inherited)",
				);
				GCC_WARN_64_TO_32_BIT_CONVERSION = YES;
				GCC_WARN_ABOUT_RETURN_TYPE = YES_ERROR;
				GCC_WARN_UNDECLARED_SELECTOR = YES;
				GCC_WARN_UNINITIALIZED_AUTOS = YES_AGGRESSIVE;
				GCC_WARN_UNUSED_FUNCTION = YES;
				GCC_WARN_UNUSED_VARIABLE = YES;
				IPHONEOS_DEPLOYMENT_TARGET = 13.6;
				MTL_ENABLE_DEBUG_INFO = INCLUDE_SOURCE;
				MTL_FAST_MATH = YES;
				ONLY_ACTIVE_ARCH = YES;
				SDKROOT = iphoneos;
				SWIFT_ACTIVE_COMPILATION_CONDITIONS = DEBUG;
				SWIFT_OPTIMIZATION_LEVEL = "-Onone";
			};
			name = Debug;
		};
		C3F0465024E8D0E0002AF069 /* Release */ = {
			isa = XCBuildConfiguration;
			buildSettings = {
				ALWAYS_SEARCH_USER_PATHS = NO;
				CLANG_ANALYZER_NONNULL = YES;
				CLANG_ANALYZER_NUMBER_OBJECT_CONVERSION = YES_AGGRESSIVE;
				CLANG_CXX_LANGUAGE_STANDARD = "gnu++14";
				CLANG_CXX_LIBRARY = "libc++";
				CLANG_ENABLE_MODULES = YES;
				CLANG_ENABLE_OBJC_ARC = YES;
				CLANG_ENABLE_OBJC_WEAK = YES;
				CLANG_WARN_BLOCK_CAPTURE_AUTORELEASING = YES;
				CLANG_WARN_BOOL_CONVERSION = YES;
				CLANG_WARN_COMMA = YES;
				CLANG_WARN_CONSTANT_CONVERSION = YES;
				CLANG_WARN_DEPRECATED_OBJC_IMPLEMENTATIONS = YES;
				CLANG_WARN_DIRECT_OBJC_ISA_USAGE = YES_ERROR;
				CLANG_WARN_DOCUMENTATION_COMMENTS = YES;
				CLANG_WARN_EMPTY_BODY = YES;
				CLANG_WARN_ENUM_CONVERSION = YES;
				CLANG_WARN_INFINITE_RECURSION = YES;
				CLANG_WARN_INT_CONVERSION = YES;
				CLANG_WARN_NON_LITERAL_NULL_CONVERSION = YES;
				CLANG_WARN_OBJC_IMPLICIT_RETAIN_SELF = YES;
				CLANG_WARN_OBJC_LITERAL_CONVERSION = YES;
				CLANG_WARN_OBJC_ROOT_CLASS = YES_ERROR;
				CLANG_WARN_RANGE_LOOP_ANALYSIS = YES;
				CLANG_WARN_STRICT_PROTOTYPES = YES;
				CLANG_WARN_SUSPICIOUS_MOVE = YES;
				CLANG_WARN_UNGUARDED_AVAILABILITY = YES_AGGRESSIVE;
				CLANG_WARN_UNREACHABLE_CODE = YES;
				CLANG_WARN__DUPLICATE_METHOD_MATCH = YES;
				COPY_PHASE_STRIP = NO;
				DEBUG_INFORMATION_FORMAT = "dwarf-with-dsym";
				ENABLE_NS_ASSERTIONS = NO;
				ENABLE_STRICT_OBJC_MSGSEND = YES;
				GCC_C_LANGUAGE_STANDARD = gnu11;
				GCC_NO_COMMON_BLOCKS = YES;
				GCC_WARN_64_TO_32_BIT_CONVERSION = YES;
				GCC_WARN_ABOUT_RETURN_TYPE = YES_ERROR;
				GCC_WARN_UNDECLARED_SELECTOR = YES;
				GCC_WARN_UNINITIALIZED_AUTOS = YES_AGGRESSIVE;
				GCC_WARN_UNUSED_FUNCTION = YES;
				GCC_WARN_UNUSED_VARIABLE = YES;
				IPHONEOS_DEPLOYMENT_TARGET = 13.6;
				MTL_ENABLE_DEBUG_INFO = NO;
				MTL_FAST_MATH = YES;
				SDKROOT = iphoneos;
				SWIFT_COMPILATION_MODE = wholemodule;
				SWIFT_OPTIMIZATION_LEVEL = "-O";
				VALIDATE_PRODUCT = YES;
			};
			name = Release;
		};
		C3F0465224E8D0E0002AF069 /* Debug */ = {
			isa = XCBuildConfiguration;
			buildSettings = {
				ASSETCATALOG_COMPILER_APPICON_NAME = AppIcon;
				CODE_SIGN_STYLE = Automatic;
				DEVELOPMENT_TEAM = 8A3VLCQATV;
				INFOPLIST_FILE = xylophone/Info.plist;
				IPHONEOS_DEPLOYMENT_TARGET = 13.0;
				LD_RUNPATH_SEARCH_PATHS = (
					"$(inherited)",
					"@executable_path/Frameworks",
				);
				PRODUCT_BUNDLE_IDENTIFIER = com.bryanbarreto.xylophone;
				PRODUCT_NAME = "$(TARGET_NAME)";
				SWIFT_VERSION = 5.0;
				TARGETED_DEVICE_FAMILY = "1,2";
			};
			name = Debug;
		};
		C3F0465324E8D0E0002AF069 /* Release */ = {
			isa = XCBuildConfiguration;
			buildSettings = {
				ASSETCATALOG_COMPILER_APPICON_NAME = AppIcon;
				CODE_SIGN_STYLE = Automatic;
				DEVELOPMENT_TEAM = 8A3VLCQATV;
				INFOPLIST_FILE = xylophone/Info.plist;
				IPHONEOS_DEPLOYMENT_TARGET = 13.0;
				LD_RUNPATH_SEARCH_PATHS = (
					"$(inherited)",
					"@executable_path/Frameworks",
				);
				PRODUCT_BUNDLE_IDENTIFIER = com.bryanbarreto.xylophone;
				PRODUCT_NAME = "$(TARGET_NAME)";
				SWIFT_VERSION = 5.0;
				TARGETED_DEVICE_FAMILY = "1,2";
			};
			name = Release;
		};
/* End XCBuildConfiguration section */

/* Begin XCConfigurationList section */
		C3F0463824E8D0D6002AF069 /* Build configuration list for PBXProject "xylophone" */ = {
			isa = XCConfigurationList;
			buildConfigurations = (
				C3F0464F24E8D0E0002AF069 /* Debug */,
				C3F0465024E8D0E0002AF069 /* Release */,
			);
			defaultConfigurationIsVisible = 0;
			defaultConfigurationName = Release;
		};
		C3F0465124E8D0E0002AF069 /* Build configuration list for PBXNativeTarget "xylophone" */ = {
			isa = XCConfigurationList;
			buildConfigurations = (
				C3F0465224E8D0E0002AF069 /* Debug */,
				C3F0465324E8D0E0002AF069 /* Release */,
			);
			defaultConfigurationIsVisible = 0;
			defaultConfigurationName = Release;
		};
/* End XCConfigurationList section */
	};
	rootObject = C3F0463524E8D0D6002AF069 /* Project object */;
}
